{
  "object": {
    "pins": [
      {
        "package": "TORoundedButton",
        "repositoryURL": "https://github.com/TimOliver/TORoundedButton",
        "state": {
          "branch": null,
          "revision": "1546f6dca884cafbe3f19cfae8f8349045156d1a",
          "version": "2.0.0"
        }
      }
    ]
  },
  "version": 1
}
