{
  "originHash" : "8422dccc617b28c177b68ee53ce1d29c3e88a0b20a970ce1f66faf8526c657de",
  "pins" : [
    {
      "identity" : "toroundedbutton",
      "kind" : "remoteSourceControl",
      "location" : "https://github.com/TimOliver/TORoundedButton",
      "state" : {
        "revision" : "f879b8c0c41653f12bd749544776b5f47febda9f",
        "version" : "2.1.1"
      }
    }
  ],
  "version" : 3
}
