// !$*UTF8*$!
{
	archiveVersion = 1;
	classes = {
	};
	objectVersion = 50;
	objects = {

/* Begin PBXBuildFile section */
		223309C822BE6D6500B437F3 /* TOAlertViewTransitioning.m in Sources */ = {isa = PBXBuildFile; fileRef = 223309C722BE6D6500B437F3 /* TOAlertViewTransitioning.m */; };
		227AB91A22970A0D009ECE33 /* AppDelegate.m in Sources */ = {isa = PBXBuildFile; fileRef = 227AB91922970A0D009ECE33 /* AppDelegate.m */; };
		227AB91D22970A0D009ECE33 /* ViewController.m in Sources */ = {isa = PBXBuildFile; fileRef = 227AB91C22970A0D009ECE33 /* ViewController.m */; };
		227AB92022970A0D009ECE33 /* Main.storyboard in Resources */ = {isa = PBXBuildFile; fileRef = 227AB91E22970A0D009ECE33 /* Main.storyboard */; };
		227AB92222970A0F009ECE33 /* Assets.xcassets in Resources */ = {isa = PBXBuildFile; fileRef = 227AB92122970A0F009ECE33 /* Assets.xcassets */; };
		227AB92522970A0F009ECE33 /* LaunchScreen.storyboard in Resources */ = {isa = PBXBuildFile; fileRef = 227AB92322970A0F009ECE33 /* LaunchScreen.storyboard */; };
		227AB92822970A0F009ECE33 /* main.m in Sources */ = {isa = PBXBuildFile; fileRef = 227AB92722970A0F009ECE33 /* main.m */; };
		227AB93F22970A51009ECE33 /* TOAlertView.m in Sources */ = {isa = PBXBuildFile; fileRef = 227AB93D22970A51009ECE33 /* TOAlertView.m */; };
		227AB94322970A6D009ECE33 /* TORoundedButton.m in Sources */ = {isa = PBXBuildFile; fileRef = 227AB94122970A6D009ECE33 /* TORoundedButton.m */; };
		227AB94622984F93009ECE33 /* TOAlertAction.m in Sources */ = {isa = PBXBuildFile; fileRef = 227AB94522984F93009ECE33 /* TOAlertAction.m */; };
		227AB9492298506A009ECE33 /* TOAlertViewController.m in Sources */ = {isa = PBXBuildFile; fileRef = 227AB9482298506A009ECE33 /* TOAlertViewController.m */; };
		22BBDC6A22C2669700783BEA /* TOAlertViewController.m in Sources */ = {isa = PBXBuildFile; fileRef = 227AB9482298506A009ECE33 /* TOAlertViewController.m */; };
		22BBDC6B22C2669700783BEA /* TOAlertAction.m in Sources */ = {isa = PBXBuildFile; fileRef = 227AB94522984F93009ECE33 /* TOAlertAction.m */; };
		22BBDC6C22C2669700783BEA /* TOAlertViewTransitioning.m in Sources */ = {isa = PBXBuildFile; fileRef = 223309C722BE6D6500B437F3 /* TOAlertViewTransitioning.m */; };
		22BBDC6D22C2669700783BEA /* TOAlertView.m in Sources */ = {isa = PBXBuildFile; fileRef = 227AB93D22970A51009ECE33 /* TOAlertView.m */; };
		22BBDC6E22C2669700783BEA /* TOAlertDimmingView.m in Sources */ = {isa = PBXBuildFile; fileRef = 22F09B6222A0290E001DFB9A /* TOAlertDimmingView.m */; };
		22BBDC6F22C266A900783BEA /* TOAlertViewController.h in Headers */ = {isa = PBXBuildFile; fileRef = 227AB9472298506A009ECE33 /* TOAlertViewController.h */; settings = {ATTRIBUTES = (Public, ); }; };
		22BBDC7022C266A900783BEA /* TOAlertAction.h in Headers */ = {isa = PBXBuildFile; fileRef = 227AB94422984F93009ECE33 /* TOAlertAction.h */; settings = {ATTRIBUTES = (Public, ); }; };
		22BBDC7122C266C500783BEA /* TOAlertViewTransitioning.h in Headers */ = {isa = PBXBuildFile; fileRef = 223309C622BE6D6500B437F3 /* TOAlertViewTransitioning.h */; };
		22BBDC7222C266C500783BEA /* TOAlertView.h in Headers */ = {isa = PBXBuildFile; fileRef = 227AB93E22970A51009ECE33 /* TOAlertView.h */; };
		22BBDC7322C266C500783BEA /* TOAlertDimmingView.h in Headers */ = {isa = PBXBuildFile; fileRef = 22F09B6122A0290E001DFB9A /* TOAlertDimmingView.h */; };
		22BBDC7422C266C500783BEA /* TOAlertViewConstants.h in Headers */ = {isa = PBXBuildFile; fileRef = 227AB94A229853F8009ECE33 /* TOAlertViewConstants.h */; settings = {ATTRIBUTES = (Public, ); }; };
		22BBDC9022C26B5A00783BEA /* TOAlertViewControllerTests.m in Sources */ = {isa = PBXBuildFile; fileRef = 22BBDC8F22C26B5A00783BEA /* TOAlertViewControllerTests.m */; };
		22F09B6322A0290E001DFB9A /* TOAlertDimmingView.m in Sources */ = {isa = PBXBuildFile; fileRef = 22F09B6222A0290E001DFB9A /* TOAlertDimmingView.m */; };
/* End PBXBuildFile section */

/* Begin PBXContainerItemProxy section */
		22BBDC9222C26B5A00783BEA /* PBXContainerItemProxy */ = {
			isa = PBXContainerItemProxy;
			containerPortal = 227AB90D22970A0D009ECE33 /* Project object */;
			proxyType = 1;
			remoteGlobalIDString = 227AB91422970A0D009ECE33;
			remoteInfo = TOAlertViewControllerExample;
		};
/* End PBXContainerItemProxy section */

/* Begin PBXFileReference section */
		223309C622BE6D6500B437F3 /* TOAlertViewTransitioning.h */ = {isa = PBXFileReference; lastKnownFileType = sourcecode.c.h; path = TOAlertViewTransitioning.h; sourceTree = "<group>"; };
		223309C722BE6D6500B437F3 /* TOAlertViewTransitioning.m */ = {isa = PBXFileReference; lastKnownFileType = sourcecode.c.objc; path = TOAlertViewTransitioning.m; sourceTree = "<group>"; };
		227AB91522970A0D009ECE33 /* TOAlertViewControllerExample.app */ = {isa = PBXFileReference; explicitFileType = wrapper.application; includeInIndex = 0; path = TOAlertViewControllerExample.app; sourceTree = BUILT_PRODUCTS_DIR; };
		227AB91822970A0D009ECE33 /* AppDelegate.h */ = {isa = PBXFileReference; lastKnownFileType = sourcecode.c.h; path = AppDelegate.h; sourceTree = "<group>"; };
		227AB91922970A0D009ECE33 /* AppDelegate.m */ = {isa = PBXFileReference; lastKnownFileType = sourcecode.c.objc; path = AppDelegate.m; sourceTree = "<group>"; };
		227AB91B22970A0D009ECE33 /* ViewController.h */ = {isa = PBXFileReference; lastKnownFileType = sourcecode.c.h; path = ViewController.h; sourceTree = "<group>"; };
		227AB91C22970A0D009ECE33 /* ViewController.m */ = {isa = PBXFileReference; lastKnownFileType = sourcecode.c.objc; path = ViewController.m; sourceTree = "<group>"; };
		227AB91F22970A0D009ECE33 /* Base */ = {isa = PBXFileReference; lastKnownFileType = file.storyboard; name = Base; path = Base.lproj/Main.storyboard; sourceTree = "<group>"; };
		227AB92122970A0F009ECE33 /* Assets.xcassets */ = {isa = PBXFileReference; lastKnownFileType = folder.assetcatalog; path = Assets.xcassets; sourceTree = "<group>"; };
		227AB92422970A0F009ECE33 /* Base */ = {isa = PBXFileReference; lastKnownFileType = file.storyboard; name = Base; path = Base.lproj/LaunchScreen.storyboard; sourceTree = "<group>"; };
		227AB92622970A0F009ECE33 /* Info.plist */ = {isa = PBXFileReference; lastKnownFileType = text.plist.xml; path = Info.plist; sourceTree = "<group>"; };
		227AB92722970A0F009ECE33 /* main.m */ = {isa = PBXFileReference; lastKnownFileType = sourcecode.c.objc; path = main.m; sourceTree = "<group>"; };
		227AB93D22970A51009ECE33 /* TOAlertView.m */ = {isa = PBXFileReference; fileEncoding = 4; lastKnownFileType = sourcecode.c.objc; path = TOAlertView.m; sourceTree = "<group>"; };
		227AB93E22970A51009ECE33 /* TOAlertView.h */ = {isa = PBXFileReference; fileEncoding = 4; lastKnownFileType = sourcecode.c.h; path = TOAlertView.h; sourceTree = "<group>"; };
		227AB94122970A6D009ECE33 /* TORoundedButton.m */ = {isa = PBXFileReference; fileEncoding = 4; lastKnownFileType = sourcecode.c.objc; path = TORoundedButton.m; sourceTree = "<group>"; };
		227AB94222970A6D009ECE33 /* TORoundedButton.h */ = {isa = PBXFileReference; fileEncoding = 4; lastKnownFileType = sourcecode.c.h; path = TORoundedButton.h; sourceTree = "<group>"; };
		227AB94422984F93009ECE33 /* TOAlertAction.h */ = {isa = PBXFileReference; lastKnownFileType = sourcecode.c.h; path = TOAlertAction.h; sourceTree = "<group>"; };
		227AB94522984F93009ECE33 /* TOAlertAction.m */ = {isa = PBXFileReference; lastKnownFileType = sourcecode.c.objc; path = TOAlertAction.m; sourceTree = "<group>"; };
		227AB9472298506A009ECE33 /* TOAlertViewController.h */ = {isa = PBXFileReference; lastKnownFileType = sourcecode.c.h; path = TOAlertViewController.h; sourceTree = "<group>"; };
		227AB9482298506A009ECE33 /* TOAlertViewController.m */ = {isa = PBXFileReference; lastKnownFileType = sourcecode.c.objc; path = TOAlertViewController.m; sourceTree = "<group>"; };
		227AB94A229853F8009ECE33 /* TOAlertViewConstants.h */ = {isa = PBXFileReference; lastKnownFileType = sourcecode.c.h; path = TOAlertViewConstants.h; sourceTree = "<group>"; };
		22BBDC5D22C265CE00783BEA /* TOAlertViewController.framework */ = {isa = PBXFileReference; explicitFileType = wrapper.framework; includeInIndex = 0; path = TOAlertViewController.framework; sourceTree = BUILT_PRODUCTS_DIR; };
		22BBDC6022C265CE00783BEA /* Info.plist */ = {isa = PBXFileReference; lastKnownFileType = text.plist.xml; path = Info.plist; sourceTree = "<group>"; };
		22BBDC8D22C26B5A00783BEA /* TOAlertViewControllerTests.xctest */ = {isa = PBXFileReference; explicitFileType = wrapper.cfbundle; includeInIndex = 0; path = TOAlertViewControllerTests.xctest; sourceTree = BUILT_PRODUCTS_DIR; };
		22BBDC8F22C26B5A00783BEA /* TOAlertViewControllerTests.m */ = {isa = PBXFileReference; lastKnownFileType = sourcecode.c.objc; path = TOAlertViewControllerTests.m; sourceTree = "<group>"; };
		22BBDC9122C26B5A00783BEA /* Info.plist */ = {isa = PBXFileReference; lastKnownFileType = text.plist.xml; path = Info.plist; sourceTree = "<group>"; };
		22F09B6122A0290E001DFB9A /* TOAlertDimmingView.h */ = {isa = PBXFileReference; lastKnownFileType = sourcecode.c.h; path = TOAlertDimmingView.h; sourceTree = "<group>"; };
		22F09B6222A0290E001DFB9A /* TOAlertDimmingView.m */ = {isa = PBXFileReference; lastKnownFileType = sourcecode.c.objc; path = TOAlertDimmingView.m; sourceTree = "<group>"; };
/* End PBXFileReference section */

/* Begin PBXFrameworksBuildPhase section */
		227AB91222970A0D009ECE33 /* Frameworks */ = {
			isa = PBXFrameworksBuildPhase;
			buildActionMask = 2147483647;
			files = (
			);
			runOnlyForDeploymentPostprocessing = 0;
		};
		22BBDC5A22C265CE00783BEA /* Frameworks */ = {
			isa = PBXFrameworksBuildPhase;
			buildActionMask = 2147483647;
			files = (
			);
			runOnlyForDeploymentPostprocessing = 0;
		};
		22BBDC8A22C26B5A00783BEA /* Frameworks */ = {
			isa = PBXFrameworksBuildPhase;
			buildActionMask = 2147483647;
			files = (
			);
			runOnlyForDeploymentPostprocessing = 0;
		};
/* End PBXFrameworksBuildPhase section */

/* Begin PBXGroup section */
		227AB90C22970A0D009ECE33 = {
			isa = PBXGroup;
			children = (
				227AB93C22970A51009ECE33 /* TOAlertViewController */,
				22BBDC5E22C265CE00783BEA /* TOAlertViewControllerFramework */,
				227AB91722970A0D009ECE33 /* TOAlertViewControllerExample */,
				22BBDC8E22C26B5A00783BEA /* TOAlertViewControllerTests */,
				227AB91622970A0D009ECE33 /* Products */,
			);
			sourceTree = "<group>";
		};
		227AB91622970A0D009ECE33 /* Products */ = {
			isa = PBXGroup;
			children = (
				227AB91522970A0D009ECE33 /* TOAlertViewControllerExample.app */,
				22BBDC5D22C265CE00783BEA /* TOAlertViewController.framework */,
				22BBDC8D22C26B5A00783BEA /* TOAlertViewControllerTests.xctest */,
			);
			name = Products;
			sourceTree = "<group>";
		};
		227AB91722970A0D009ECE33 /* TOAlertViewControllerExample */ = {
			isa = PBXGroup;
			children = (
				227AB94022970A6D009ECE33 /* TORoundedButton */,
				227AB91822970A0D009ECE33 /* AppDelegate.h */,
				227AB91922970A0D009ECE33 /* AppDelegate.m */,
				227AB91B22970A0D009ECE33 /* ViewController.h */,
				227AB91C22970A0D009ECE33 /* ViewController.m */,
				227AB91E22970A0D009ECE33 /* Main.storyboard */,
				227AB92122970A0F009ECE33 /* Assets.xcassets */,
				227AB92322970A0F009ECE33 /* LaunchScreen.storyboard */,
				227AB92622970A0F009ECE33 /* Info.plist */,
				227AB92722970A0F009ECE33 /* main.m */,
			);
			path = TOAlertViewControllerExample;
			sourceTree = "<group>";
		};
		227AB93C22970A51009ECE33 /* TOAlertViewController */ = {
			isa = PBXGroup;
			children = (
				227AB9472298506A009ECE33 /* TOAlertViewController.h */,
				227AB9482298506A009ECE33 /* TOAlertViewController.m */,
				22F09B6422A02919001DFB9A /* Models */,
				22F09B6522A0292B001DFB9A /* Views */,
				22F09B6622A02939001DFB9A /* Supporting */,
			);
			path = TOAlertViewController;
			sourceTree = "<group>";
		};
		227AB94022970A6D009ECE33 /* TORoundedButton */ = {
			isa = PBXGroup;
			children = (
				227AB94222970A6D009ECE33 /* TORoundedButton.h */,
				227AB94122970A6D009ECE33 /* TORoundedButton.m */,
			);
			path = TORoundedButton;
			sourceTree = "<group>";
		};
		22BBDC5E22C265CE00783BEA /* TOAlertViewControllerFramework */ = {
			isa = PBXGroup;
			children = (
				22BBDC6022C265CE00783BEA /* Info.plist */,
			);
			path = TOAlertViewControllerFramework;
			sourceTree = "<group>";
		};
		22BBDC8E22C26B5A00783BEA /* TOAlertViewControllerTests */ = {
			isa = PBXGroup;
			children = (
				22BBDC8F22C26B5A00783BEA /* TOAlertViewControllerTests.m */,
				22BBDC9122C26B5A00783BEA /* Info.plist */,
			);
			path = TOAlertViewControllerTests;
			sourceTree = "<group>";
		};
		22F09B6422A02919001DFB9A /* Models */ = {
			isa = PBXGroup;
			children = (
				227AB94422984F93009ECE33 /* TOAlertAction.h */,
				227AB94522984F93009ECE33 /* TOAlertAction.m */,
				223309C622BE6D6500B437F3 /* TOAlertViewTransitioning.h */,
				223309C722BE6D6500B437F3 /* TOAlertViewTransitioning.m */,
			);
			path = Models;
			sourceTree = "<group>";
		};
		22F09B6522A0292B001DFB9A /* Views */ = {
			isa = PBXGroup;
			children = (
				227AB93E22970A51009ECE33 /* TOAlertView.h */,
				227AB93D22970A51009ECE33 /* TOAlertView.m */,
				22F09B6122A0290E001DFB9A /* TOAlertDimmingView.h */,
				22F09B6222A0290E001DFB9A /* TOAlertDimmingView.m */,
			);
			path = Views;
			sourceTree = "<group>";
		};
		22F09B6622A02939001DFB9A /* Supporting */ = {
			isa = PBXGroup;
			children = (
				227AB94A229853F8009ECE33 /* TOAlertViewConstants.h */,
			);
			path = Supporting;
			sourceTree = "<group>";
		};
/* End PBXGroup section */

/* Begin PBXHeadersBuildPhase section */
		22BBDC5822C265CE00783BEA /* Headers */ = {
			isa = PBXHeadersBuildPhase;
			buildActionMask = 2147483647;
			files = (
				22BBDC6F22C266A900783BEA /* TOAlertViewController.h in Headers */,
				22BBDC7022C266A900783BEA /* TOAlertAction.h in Headers */,
				22BBDC7422C266C500783BEA /* TOAlertViewConstants.h in Headers */,
				22BBDC7122C266C500783BEA /* TOAlertViewTransitioning.h in Headers */,
				22BBDC7222C266C500783BEA /* TOAlertView.h in Headers */,
				22BBDC7322C266C500783BEA /* TOAlertDimmingView.h in Headers */,
			);
			runOnlyForDeploymentPostprocessing = 0;
		};
/* End PBXHeadersBuildPhase section */

/* Begin PBXNativeTarget section */
		227AB91422970A0D009ECE33 /* TOAlertViewControllerExample */ = {
			isa = PBXNativeTarget;
			buildConfigurationList = 227AB93622970A0F009ECE33 /* Build configuration list for PBXNativeTarget "TOAlertViewControllerExample" */;
			buildPhases = (
				227AB91122970A0D009ECE33 /* Sources */,
				227AB91222970A0D009ECE33 /* Frameworks */,
				225DA4B122B1DD7300958F84 /* Integrate Reveal */,
				227AB91322970A0D009ECE33 /* Resources */,
			);
			buildRules = (
			);
			dependencies = (
			);
			name = TOAlertViewControllerExample;
			productName = TOAlertViewControllerExample;
			productReference = 227AB91522970A0D009ECE33 /* TOAlertViewControllerExample.app */;
			productType = "com.apple.product-type.application";
		};
		22BBDC5C22C265CE00783BEA /* TOAlertViewController */ = {
			isa = PBXNativeTarget;
			buildConfigurationList = 22BBDC6922C265CE00783BEA /* Build configuration list for PBXNativeTarget "TOAlertViewController" */;
			buildPhases = (
				22BBDC5822C265CE00783BEA /* Headers */,
				22BBDC5922C265CE00783BEA /* Sources */,
				22BBDC5A22C265CE00783BEA /* Frameworks */,
				22BBDC5B22C265CE00783BEA /* Resources */,
			);
			buildRules = (
			);
			dependencies = (
			);
			name = TOAlertViewController;
			productName = TOAlertViewControllerFramework;
			productReference = 22BBDC5D22C265CE00783BEA /* TOAlertViewController.framework */;
			productType = "com.apple.product-type.framework";
		};
		22BBDC8C22C26B5A00783BEA /* TOAlertViewControllerTests */ = {
			isa = PBXNativeTarget;
			buildConfigurationList = 22BBDC9422C26B5A00783BEA /* Build configuration list for PBXNativeTarget "TOAlertViewControllerTests" */;
			buildPhases = (
				22BBDC8922C26B5A00783BEA /* Sources */,
				22BBDC8A22C26B5A00783BEA /* Frameworks */,
				22BBDC8B22C26B5A00783BEA /* Resources */,
			);
			buildRules = (
			);
			dependencies = (
				22BBDC9322C26B5A00783BEA /* PBXTargetDependency */,
			);
			name = TOAlertViewControllerTests;
			productName = TOAlertViewControllerTests;
			productReference = 22BBDC8D22C26B5A00783BEA /* TOAlertViewControllerTests.xctest */;
			productType = "com.apple.product-type.bundle.unit-test";
		};
/* End PBXNativeTarget section */

/* Begin PBXProject section */
		227AB90D22970A0D009ECE33 /* Project object */ = {
			isa = PBXProject;
			attributes = {
				LastUpgradeCheck = 1020;
				ORGANIZATIONNAME = "Tim Oliver";
				TargetAttributes = {
					227AB91422970A0D009ECE33 = {
						CreatedOnToolsVersion = 10.2.1;
					};
					22BBDC5C22C265CE00783BEA = {
						CreatedOnToolsVersion = 11.0;
					};
					22BBDC8C22C26B5A00783BEA = {
						CreatedOnToolsVersion = 11.0;
						TestTargetID = 227AB91422970A0D009ECE33;
					};
				};
			};
			buildConfigurationList = 227AB91022970A0D009ECE33 /* Build configuration list for PBXProject "TOAlertViewControllerExample" */;
			compatibilityVersion = "Xcode 9.3";
			developmentRegion = en;
			hasScannedForEncodings = 0;
			knownRegions = (
				en,
				Base,
			);
			mainGroup = 227AB90C22970A0D009ECE33;
			productRefGroup = 227AB91622970A0D009ECE33 /* Products */;
			projectDirPath = "";
			projectRoot = "";
			targets = (
				227AB91422970A0D009ECE33 /* TOAlertViewControllerExample */,
				22BBDC5C22C265CE00783BEA /* TOAlertViewController */,
				22BBDC8C22C26B5A00783BEA /* TOAlertViewControllerTests */,
			);
		};
/* End PBXProject section */

/* Begin PBXResourcesBuildPhase section */
		227AB91322970A0D009ECE33 /* Resources */ = {
			isa = PBXResourcesBuildPhase;
			buildActionMask = 2147483647;
			files = (
				227AB92522970A0F009ECE33 /* LaunchScreen.storyboard in Resources */,
				227AB92222970A0F009ECE33 /* Assets.xcassets in Resources */,
				227AB92022970A0D009ECE33 /* Main.storyboard in Resources */,
			);
			runOnlyForDeploymentPostprocessing = 0;
		};
		22BBDC5B22C265CE00783BEA /* Resources */ = {
			isa = PBXResourcesBuildPhase;
			buildActionMask = 2147483647;
			files = (
			);
			runOnlyForDeploymentPostprocessing = 0;
		};
		22BBDC8B22C26B5A00783BEA /* Resources */ = {
			isa = PBXResourcesBuildPhase;
			buildActionMask = 2147483647;
			files = (
			);
			runOnlyForDeploymentPostprocessing = 0;
		};
/* End PBXResourcesBuildPhase section */

/* Begin PBXShellScriptBuildPhase section */
		225DA4B122B1DD7300958F84 /* Integrate Reveal */ = {
			isa = PBXShellScriptBuildPhase;
			buildActionMask = 2147483647;
			files = (
			);
			inputFileListPaths = (
			);
			inputPaths = (
			);
			name = "Integrate Reveal";
			outputFileListPaths = (
			);
			outputPaths = (
			);
			runOnlyForDeploymentPostprocessing = 0;
			shellPath = /bin/sh;
			shellScript = "export REVEAL_SERVER_FILENAME=\"RevealServer.framework\"\n\n# Update this path to point to the location of RevealServer.framework in your project.\nexport REVEAL_SERVER_PATH=\"${SRCROOT}/${REVEAL_SERVER_FILENAME}\"\n\n# If configuration is not Debug, skip this script.\n[ \"${CONFIGURATION}\" != \"Debug\" ] && exit 0\n\n# If RevealServer.framework exists at the specified path, run code signing script.\nif [ -d \"${REVEAL_SERVER_PATH}\" ]; then\n\"${REVEAL_SERVER_PATH}/Scripts/copy_and_codesign_revealserver.sh\"\nelse\necho \"Reveal Server not loaded: RevealServer.framework could not be found.\"\nfi\n";
		};
/* End PBXShellScriptBuildPhase section */

/* Begin PBXSourcesBuildPhase section */
		227AB91122970A0D009ECE33 /* Sources */ = {
			isa = PBXSourcesBuildPhase;
			buildActionMask = 2147483647;
			files = (
				227AB91D22970A0D009ECE33 /* ViewController.m in Sources */,
				227AB92822970A0F009ECE33 /* main.m in Sources */,
				22F09B6322A0290E001DFB9A /* TOAlertDimmingView.m in Sources */,
				227AB94322970A6D009ECE33 /* TORoundedButton.m in Sources */,
				223309C822BE6D6500B437F3 /* TOAlertViewTransitioning.m in Sources */,
				227AB93F22970A51009ECE33 /* TOAlertView.m in Sources */,
				227AB91A22970A0D009ECE33 /* AppDelegate.m in Sources */,
				227AB94622984F93009ECE33 /* TOAlertAction.m in Sources */,
				227AB9492298506A009ECE33 /* TOAlertViewController.m in Sources */,
			);
			runOnlyForDeploymentPostprocessing = 0;
		};
		22BBDC5922C265CE00783BEA /* Sources */ = {
			isa = PBXSourcesBuildPhase;
			buildActionMask = 2147483647;
			files = (
				22BBDC6A22C2669700783BEA /* TOAlertViewController.m in Sources */,
				22BBDC6B22C2669700783BEA /* TOAlertAction.m in Sources */,
				22BBDC6C22C2669700783BEA /* TOAlertViewTransitioning.m in Sources */,
				22BBDC6D22C2669700783BEA /* TOAlertView.m in Sources */,
				22BBDC6E22C2669700783BEA /* TOAlertDimmingView.m in Sources */,
			);
			runOnlyForDeploymentPostprocessing = 0;
		};
		22BBDC8922C26B5A00783BEA /* Sources */ = {
			isa = PBXSourcesBuildPhase;
			buildActionMask = 2147483647;
			files = (
				22BBDC9022C26B5A00783BEA /* TOAlertViewControllerTests.m in Sources */,
			);
			runOnlyForDeploymentPostprocessing = 0;
		};
/* End PBXSourcesBuildPhase section */

/* Begin PBXTargetDependency section */
		22BBDC9322C26B5A00783BEA /* PBXTargetDependency */ = {
			isa = PBXTargetDependency;
			target = 227AB91422970A0D009ECE33 /* TOAlertViewControllerExample */;
			targetProxy = 22BBDC9222C26B5A00783BEA /* PBXContainerItemProxy */;
		};
/* End PBXTargetDependency section */

/* Begin PBXVariantGroup section */
		227AB91E22970A0D009ECE33 /* Main.storyboard */ = {
			isa = PBXVariantGroup;
			children = (
				227AB91F22970A0D009ECE33 /* Base */,
			);
			name = Main.storyboard;
			sourceTree = "<group>";
		};
		227AB92322970A0F009ECE33 /* LaunchScreen.storyboard */ = {
			isa = PBXVariantGroup;
			children = (
				227AB92422970A0F009ECE33 /* Base */,
			);
			name = LaunchScreen.storyboard;
			sourceTree = "<group>";
		};
/* End PBXVariantGroup section */

/* Begin XCBuildConfiguration section */
		227AB93422970A0F009ECE33 /* Debug */ = {
			isa = XCBuildConfiguration;
			buildSettings = {
				ALWAYS_SEARCH_USER_PATHS = NO;
				CLANG_ANALYZER_NONNULL = YES;
				CLANG_ANALYZER_NUMBER_OBJECT_CONVERSION = YES_AGGRESSIVE;
				CLANG_CXX_LANGUAGE_STANDARD = "gnu++14";
				CLANG_CXX_LIBRARY = "libc++";
				CLANG_ENABLE_MODULES = YES;
				CLANG_ENABLE_OBJC_ARC = YES;
				CLANG_ENABLE_OBJC_WEAK = YES;
				CLANG_WARN_BLOCK_CAPTURE_AUTORELEASING = YES;
				CLANG_WARN_BOOL_CONVERSION = YES;
				CLANG_WARN_COMMA = YES;
				CLANG_WARN_CONSTANT_CONVERSION = YES;
				CLANG_WARN_DEPRECATED_OBJC_IMPLEMENTATIONS = YES;
				CLANG_WARN_DIRECT_OBJC_ISA_USAGE = YES_ERROR;
				CLANG_WARN_DOCUMENTATION_COMMENTS = YES;
				CLANG_WARN_EMPTY_BODY = YES;
				CLANG_WARN_ENUM_CONVERSION = YES;
				CLANG_WARN_INFINITE_RECURSION = YES;
				CLANG_WARN_INT_CONVERSION = YES;
				CLANG_WARN_NON_LITERAL_NULL_CONVERSION = YES;
				CLANG_WARN_OBJC_IMPLICIT_RETAIN_SELF = YES;
				CLANG_WARN_OBJC_LITERAL_CONVERSION = YES;
				CLANG_WARN_OBJC_ROOT_CLASS = YES_ERROR;
				CLANG_WARN_RANGE_LOOP_ANALYSIS = YES;
				CLANG_WARN_STRICT_PROTOTYPES = YES;
				CLANG_WARN_SUSPICIOUS_MOVE = YES;
				CLANG_WARN_UNGUARDED_AVAILABILITY = YES_AGGRESSIVE;
				CLANG_WARN_UNREACHABLE_CODE = YES;
				CLANG_WARN__DUPLICATE_METHOD_MATCH = YES;
				CODE_SIGN_IDENTITY = "iPhone Developer";
				COPY_PHASE_STRIP = NO;
				DEBUG_INFORMATION_FORMAT = dwarf;
				ENABLE_STRICT_OBJC_MSGSEND = YES;
				ENABLE_TESTABILITY = YES;
				GCC_C_LANGUAGE_STANDARD = gnu11;
				GCC_DYNAMIC_NO_PIC = NO;
				GCC_NO_COMMON_BLOCKS = YES;
				GCC_OPTIMIZATION_LEVEL = 0;
				GCC_PREPROCESSOR_DEFINITIONS = (
					"DEBUG=1",
					"$(inherited)",
				);
				GCC_WARN_64_TO_32_BIT_CONVERSION = YES;
				GCC_WARN_ABOUT_RETURN_TYPE = YES_ERROR;
				GCC_WARN_UNDECLARED_SELECTOR = YES;
				GCC_WARN_UNINITIALIZED_AUTOS = YES_AGGRESSIVE;
				GCC_WARN_UNUSED_FUNCTION = YES;
				GCC_WARN_UNUSED_VARIABLE = YES;
				IPHONEOS_DEPLOYMENT_TARGET = 11.0;
				MTL_ENABLE_DEBUG_INFO = INCLUDE_SOURCE;
				MTL_FAST_MATH = YES;
				ONLY_ACTIVE_ARCH = YES;
				SDKROOT = iphoneos;
			};
			name = Debug;
		};
		227AB93522970A0F009ECE33 /* Release */ = {
			isa = XCBuildConfiguration;
			buildSettings = {
				ALWAYS_SEARCH_USER_PATHS = NO;
				CLANG_ANALYZER_NONNULL = YES;
				CLANG_ANALYZER_NUMBER_OBJECT_CONVERSION = YES_AGGRESSIVE;
				CLANG_CXX_LANGUAGE_STANDARD = "gnu++14";
				CLANG_CXX_LIBRARY = "libc++";
				CLANG_ENABLE_MODULES = YES;
				CLANG_ENABLE_OBJC_ARC = YES;
				CLANG_ENABLE_OBJC_WEAK = YES;
				CLANG_WARN_BLOCK_CAPTURE_AUTORELEASING = YES;
				CLANG_WARN_BOOL_CONVERSION = YES;
				CLANG_WARN_COMMA = YES;
				CLANG_WARN_CONSTANT_CONVERSION = YES;
				CLANG_WARN_DEPRECATED_OBJC_IMPLEMENTATIONS = YES;
				CLANG_WARN_DIRECT_OBJC_ISA_USAGE = YES_ERROR;
				CLANG_WARN_DOCUMENTATION_COMMENTS = YES;
				CLANG_WARN_EMPTY_BODY = YES;
				CLANG_WARN_ENUM_CONVERSION = YES;
				CLANG_WARN_INFINITE_RECURSION = YES;
				CLANG_WARN_INT_CONVERSION = YES;
				CLANG_WARN_NON_LITERAL_NULL_CONVERSION = YES;
				CLANG_WARN_OBJC_IMPLICIT_RETAIN_SELF = YES;
				CLANG_WARN_OBJC_LITERAL_CONVERSION = YES;
				CLANG_WARN_OBJC_ROOT_CLASS = YES_ERROR;
				CLANG_WARN_RANGE_LOOP_ANALYSIS = YES;
				CLANG_WARN_STRICT_PROTOTYPES = YES;
				CLANG_WARN_SUSPICIOUS_MOVE = YES;
				CLANG_WARN_UNGUARDED_AVAILABILITY = YES_AGGRESSIVE;
				CLANG_WARN_UNREACHABLE_CODE = YES;
				CLANG_WARN__DUPLICATE_METHOD_MATCH = YES;
				CODE_SIGN_IDENTITY = "iPhone Developer";
				COPY_PHASE_STRIP = NO;
				DEBUG_INFORMATION_FORMAT = "dwarf-with-dsym";
				ENABLE_NS_ASSERTIONS = NO;
				ENABLE_STRICT_OBJC_MSGSEND = YES;
				GCC_C_LANGUAGE_STANDARD = gnu11;
				GCC_NO_COMMON_BLOCKS = YES;
				GCC_WARN_64_TO_32_BIT_CONVERSION = YES;
				GCC_WARN_ABOUT_RETURN_TYPE = YES_ERROR;
				GCC_WARN_UNDECLARED_SELECTOR = YES;
				GCC_WARN_UNINITIALIZED_AUTOS = YES_AGGRESSIVE;
				GCC_WARN_UNUSED_FUNCTION = YES;
				GCC_WARN_UNUSED_VARIABLE = YES;
				IPHONEOS_DEPLOYMENT_TARGET = 11.0;
				MTL_ENABLE_DEBUG_INFO = NO;
				MTL_FAST_MATH = YES;
				SDKROOT = iphoneos;
				VALIDATE_PRODUCT = YES;
			};
			name = Release;
		};
		227AB93722970A0F009ECE33 /* Debug */ = {
			isa = XCBuildConfiguration;
			buildSettings = {
				ASSETCATALOG_COMPILER_APPICON_NAME = AppIcon;
				CODE_SIGN_STYLE = Automatic;
				DEVELOPMENT_TEAM = 6LF3GMKZAB;
				FRAMEWORK_SEARCH_PATHS = (
					"$(inherited)",
					"$(PROJECT_DIR)/TOAlertViewControllerExample",
					"$(inherited)",
					"$(SRCROOT)/**",
				);
				INFOPLIST_FILE = TOAlertViewControllerExample/Info.plist;
				IPHONEOS_DEPLOYMENT_TARGET = 11.0;
				LD_RUNPATH_SEARCH_PATHS = (
					"$(inherited)",
					"@executable_path/Frameworks",
				);
				PRODUCT_BUNDLE_IDENTIFIER = dev.tim.TOAlertViewControllerExample;
				PRODUCT_NAME = "$(TARGET_NAME)";
				TARGETED_DEVICE_FAMILY = "1,2";
			};
			name = Debug;
		};
		227AB93822970A0F009ECE33 /* Release */ = {
			isa = XCBuildConfiguration;
			buildSettings = {
				ASSETCATALOG_COMPILER_APPICON_NAME = AppIcon;
				CODE_SIGN_STYLE = Automatic;
				DEVELOPMENT_TEAM = 6LF3GMKZAB;
				FRAMEWORK_SEARCH_PATHS = (
					"$(inherited)",
					"$(PROJECT_DIR)/TOAlertViewControllerExample",
					"$(inherited)",
					"$(SRCROOT)/**",
				);
				INFOPLIST_FILE = TOAlertViewControllerExample/Info.plist;
				IPHONEOS_DEPLOYMENT_TARGET = 11.0;
				LD_RUNPATH_SEARCH_PATHS = (
					"$(inherited)",
					"@executable_path/Frameworks",
				);
				PRODUCT_BUNDLE_IDENTIFIER = dev.tim.TOAlertViewControllerExample;
				PRODUCT_NAME = "$(TARGET_NAME)";
				TARGETED_DEVICE_FAMILY = "1,2";
			};
			name = Release;
		};
		22BBDC6722C265CE00783BEA /* Debug */ = {
			isa = XCBuildConfiguration;
			buildSettings = {
				CODE_SIGN_STYLE = Automatic;
				CURRENT_PROJECT_VERSION = 1;
				DEFINES_MODULE = YES;
				DEVELOPMENT_TEAM = 6LF3GMKZAB;
				DYLIB_COMPATIBILITY_VERSION = 1;
				DYLIB_CURRENT_VERSION = 1;
				DYLIB_INSTALL_NAME_BASE = "@rpath";
				INFOPLIST_FILE = TOAlertViewControllerFramework/Info.plist;
				INSTALL_PATH = "$(LOCAL_LIBRARY_DIR)/Frameworks";
				IPHONEOS_DEPLOYMENT_TARGET = 11.0;
				LD_RUNPATH_SEARCH_PATHS = (
					"$(inherited)",
					"@executable_path/Frameworks",
					"@loader_path/Frameworks",
				);
				MACH_O_TYPE = staticlib;
				PRODUCT_BUNDLE_IDENTIFIER = dev.tim.TOAlertViewController;
				PRODUCT_NAME = "$(TARGET_NAME:c99extidentifier)";
				SKIP_INSTALL = YES;
				TARGETED_DEVICE_FAMILY = "1,2";
				VERSIONING_SYSTEM = "apple-generic";
				VERSION_INFO_PREFIX = "";
			};
			name = Debug;
		};
		22BBDC6822C265CE00783BEA /* Release */ = {
			isa = XCBuildConfiguration;
			buildSettings = {
				CODE_SIGN_STYLE = Automatic;
				CURRENT_PROJECT_VERSION = 1;
				DEFINES_MODULE = YES;
				DEVELOPMENT_TEAM = 6LF3GMKZAB;
				DYLIB_COMPATIBILITY_VERSION = 1;
				DYLIB_CURRENT_VERSION = 1;
				DYLIB_INSTALL_NAME_BASE = "@rpath";
				INFOPLIST_FILE = TOAlertViewControllerFramework/Info.plist;
				INSTALL_PATH = "$(LOCAL_LIBRARY_DIR)/Frameworks";
				IPHONEOS_DEPLOYMENT_TARGET = 11.0;
				LD_RUNPATH_SEARCH_PATHS = (
					"$(inherited)",
					"@executable_path/Frameworks",
					"@loader_path/Frameworks",
				);
				MACH_O_TYPE = staticlib;
				PRODUCT_BUNDLE_IDENTIFIER = dev.tim.TOAlertViewController;
				PRODUCT_NAME = "$(TARGET_NAME:c99extidentifier)";
				SKIP_INSTALL = YES;
				TARGETED_DEVICE_FAMILY = "1,2";
				VERSIONING_SYSTEM = "apple-generic";
				VERSION_INFO_PREFIX = "";
			};
			name = Release;
		};
		22BBDC9522C26B5A00783BEA /* Debug */ = {
			isa = XCBuildConfiguration;
			buildSettings = {
				BUNDLE_LOADER = "$(TEST_HOST)";
				CODE_SIGN_STYLE = Automatic;
				DEVELOPMENT_TEAM = 6LF3GMKZAB;
				INFOPLIST_FILE = TOAlertViewControllerTests/Info.plist;
				IPHONEOS_DEPLOYMENT_TARGET = 11.0;
				LD_RUNPATH_SEARCH_PATHS = (
					"$(inherited)",
					"@executable_path/Frameworks",
					"@loader_path/Frameworks",
				);
				PRODUCT_BUNDLE_IDENTIFIER = dev.tim.TOAlertViewControllerTests;
				PRODUCT_NAME = "$(TARGET_NAME)";
				TARGETED_DEVICE_FAMILY = "1,2";
				TEST_HOST = "$(BUILT_PRODUCTS_DIR)/TOAlertViewControllerExample.app/TOAlertViewControllerExample";
			};
			name = Debug;
		};
		22BBDC9622C26B5A00783BEA /* Release */ = {
			isa = XCBuildConfiguration;
			buildSettings = {
				BUNDLE_LOADER = "$(TEST_HOST)";
				CODE_SIGN_STYLE = Automatic;
				DEVELOPMENT_TEAM = 6LF3GMKZAB;
				INFOPLIST_FILE = TOAlertViewControllerTests/Info.plist;
				IPHONEOS_DEPLOYMENT_TARGET = 11.0;
				LD_RUNPATH_SEARCH_PATHS = (
					"$(inherited)",
					"@executable_path/Frameworks",
					"@loader_path/Frameworks",
				);
				PRODUCT_BUNDLE_IDENTIFIER = dev.tim.TOAlertViewControllerTests;
				PRODUCT_NAME = "$(TARGET_NAME)";
				TARGETED_DEVICE_FAMILY = "1,2";
				TEST_HOST = "$(BUILT_PRODUCTS_DIR)/TOAlertViewControllerExample.app/TOAlertViewControllerExample";
			};
			name = Release;
		};
/* End XCBuildConfiguration section */

/* Begin XCConfigurationList section */
		227AB91022970A0D009ECE33 /* Build configuration list for PBXProject "TOAlertViewControllerExample" */ = {
			isa = XCConfigurationList;
			buildConfigurations = (
				227AB93422970A0F009ECE33 /* Debug */,
				227AB93522970A0F009ECE33 /* Release */,
			);
			defaultConfigurationIsVisible = 0;
			defaultConfigurationName = Release;
		};
		227AB93622970A0F009ECE33 /* Build configuration list for PBXNativeTarget "TOAlertViewControllerExample" */ = {
			isa = XCConfigurationList;
			buildConfigurations = (
				227AB93722970A0F009ECE33 /* Debug */,
				227AB93822970A0F009ECE33 /* Release */,
			);
			defaultConfigurationIsVisible = 0;
			defaultConfigurationName = Release;
		};
		22BBDC6922C265CE00783BEA /* Build configuration list for PBXNativeTarget "TOAlertViewController" */ = {
			isa = XCConfigurationList;
			buildConfigurations = (
				22BBDC6722C265CE00783BEA /* Debug */,
				22BBDC6822C265CE00783BEA /* Release */,
			);
			defaultConfigurationIsVisible = 0;
			defaultConfigurationName = Release;
		};
		22BBDC9422C26B5A00783BEA /* Build configuration list for PBXNativeTarget "TOAlertViewControllerTests" */ = {
			isa = XCConfigurationList;
			buildConfigurations = (
				22BBDC9522C26B5A00783BEA /* Debug */,
				22BBDC9622C26B5A00783BEA /* Release */,
			);
			defaultConfigurationIsVisible = 0;
			defaultConfigurationName = Release;
		};
/* End XCConfigurationList section */
	};
	rootObject = 227AB90D22970A0D009ECE33 /* Project object */;
}
